{
  "version": 4,
  "terraform_version": "1.2.5",
  "serial": 13,
  "lineage": "c557123b-e808-f5ca-a2d9-49d8ba8619ab",
  "outputs": {},
  "resources": [
    {
      "mode": "managed",
      "type": "azurerm_resource_group",
      "name": "resource_group",
      "provider": "provider[\"registry.terraform.io/hashicorp/azurerm\"]",
      "instances": [
        {
          "schema_version": 0,
          "attributes": {
            "id": "/subscriptions/87f45dd5-1646-4593-bc5d-46925ead1572/resourceGroups/Windows10RG",
            "location": "eastus",
            "name": "Windows10RG",
            "tags": null,
            "timeouts": null
          },
          "sensitive_attributes": [],
          "private": "eyJlMmJmYjczMC1lY2FhLTExZTYtOGY4OC0zNDM2M2JjN2M0YzAiOnsiY3JlYXRlIjo1NDAwMDAwMDAwMDAwLCJkZWxldGUiOjU0MDAwMDAwMDAwMDAsInJlYWQiOjMwMDAwMDAwMDAwMCwidXBkYXRlIjo1NDAwMDAwMDAwMDAwfX0="
        }
      ]
    },
    {
      "mode": "managed",
      "type": "azurerm_virtual_desktop_application",
      "name": "chrome",
      "provider": "provider[\"registry.terraform.io/hashicorp/azurerm\"]",
      "instances": [
        {
          "schema_version": 0,
          "attributes": {
            "application_group_id": "/subscriptions/87f45dd5-1646-4593-bc5d-46925ead1572/resourceGroups/Windows10RG/providers/Microsoft.DesktopVirtualization/applicationGroups/acctag",
            "command_line_argument_policy": "DoNotAllow",
            "command_line_arguments": "--incognito",
            "description": "Chromium based web browser",
            "friendly_name": "Google Chrome",
            "icon_index": 0,
            "icon_path": "C:\\Program Files\\Google\\Chrome\\Application\\chrome.exe",
            "id": "/subscriptions/87f45dd5-1646-4593-bc5d-46925ead1572/resourceGroups/Windows10RG/providers/Microsoft.DesktopVirtualization/applicationGroups/acctag/applications/googlechrome",
            "name": "googlechrome",
            "path": "C:\\Program Files\\Google\\Chrome\\Application\\chrome.exe",
            "show_in_portal": false,
            "timeouts": null
          },
          "sensitive_attributes": [],
          "private": "eyJlMmJmYjczMC1lY2FhLTExZTYtOGY4OC0zNDM2M2JjN2M0YzAiOnsiY3JlYXRlIjozNjAwMDAwMDAwMDAwLCJkZWxldGUiOjM2MDAwMDAwMDAwMDAsInJlYWQiOjMwMDAwMDAwMDAwMCwidXBkYXRlIjozNjAwMDAwMDAwMDAwfX0=",
          "dependencies": [
            "azurerm_resource_group.resource_group",
            "azurerm_virtual_desktop_application_group.remoteapp",
            "azurerm_virtual_desktop_host_pool.pooledbreadthfirst"
          ]
        }
      ]
    },
    {
      "mode": "managed",
      "type": "azurerm_virtual_desktop_application_group",
      "name": "remoteapp",
      "provider": "provider[\"registry.terraform.io/hashicorp/azurerm\"]",
      "instances": [
        {
          "schema_version": 1,
          "attributes": {
            "default_desktop_display_name": "",
            "description": "Acceptance Test: An application group",
            "friendly_name": "TestAppGroup",
            "host_pool_id": "/subscriptions/87f45dd5-1646-4593-bc5d-46925ead1572/resourceGroups/Windows10RG/providers/Microsoft.DesktopVirtualization/hostPools/pooledbreadthfirst",
            "id": "/subscriptions/87f45dd5-1646-4593-bc5d-46925ead1572/resourceGroups/Windows10RG/providers/Microsoft.DesktopVirtualization/applicationGroups/acctag",
            "location": "eastus",
            "name": "acctag",
            "resource_group_name": "Windows10RG",
            "tags": null,
            "timeouts": null,
            "type": "RemoteApp"
          },
          "sensitive_attributes": [],
          "private": "eyJlMmJmYjczMC1lY2FhLTExZTYtOGY4OC0zNDM2M2JjN2M0YzAiOnsiY3JlYXRlIjozNjAwMDAwMDAwMDAwLCJkZWxldGUiOjM2MDAwMDAwMDAwMDAsInJlYWQiOjMwMDAwMDAwMDAwMCwidXBkYXRlIjozNjAwMDAwMDAwMDAwfSwic2NoZW1hX3ZlcnNpb24iOiIxIn0=",
          "dependencies": [
            "azurerm_resource_group.resource_group",
            "azurerm_virtual_desktop_host_pool.pooledbreadthfirst"
          ]
        }
      ]
    },
    {
      "mode": "managed",
      "type": "azurerm_virtual_desktop_host_pool",
      "name": "personalautomatic",
      "provider": "provider[\"registry.terraform.io/hashicorp/azurerm\"]",
      "instances": [
        {
          "schema_version": 1,
          "attributes": {
            "custom_rdp_properties": "",
            "description": "",
            "friendly_name": "",
            "id": "/subscriptions/87f45dd5-1646-4593-bc5d-46925ead1572/resourceGroups/Windows10RG/providers/Microsoft.DesktopVirtualization/hostPools/personalautomatic",
            "load_balancer_type": "Persistent",
            "location": "eastus",
            "maximum_sessions_allowed": 999999,
            "name": "personalautomatic",
            "personal_desktop_assignment_type": "Automatic",
            "preferred_app_group_type": "Desktop",
            "resource_group_name": "Windows10RG",
            "start_vm_on_connect": false,
            "tags": null,
            "timeouts": null,
            "type": "Personal",
            "validate_environment": false
          },
          "sensitive_attributes": [],
          "private": "eyJlMmJmYjczMC1lY2FhLTExZTYtOGY4OC0zNDM2M2JjN2M0YzAiOnsiY3JlYXRlIjozNjAwMDAwMDAwMDAwLCJkZWxldGUiOjM2MDAwMDAwMDAwMDAsInJlYWQiOjMwMDAwMDAwMDAwMCwidXBkYXRlIjozNjAwMDAwMDAwMDAwfSwic2NoZW1hX3ZlcnNpb24iOiIxIn0=",
          "dependencies": [
            "azurerm_resource_group.resource_group"
          ]
        }
      ]
    },
    {
      "mode": "managed",
      "type": "azurerm_virtual_desktop_host_pool",
      "name": "pooledbreadthfirst",
      "provider": "provider[\"registry.terraform.io/hashicorp/azurerm\"]",
      "instances": [
        {
          "schema_version": 1,
          "attributes": {
            "custom_rdp_properties": "",
            "description": "",
            "friendly_name": "",
            "id": "/subscriptions/87f45dd5-1646-4593-bc5d-46925ead1572/resourceGroups/Windows10RG/providers/Microsoft.DesktopVirtualization/hostPools/pooledbreadthfirst",
            "load_balancer_type": "BreadthFirst",
            "location": "eastus",
            "maximum_sessions_allowed": 999999,
            "name": "pooledbreadthfirst",
            "personal_desktop_assignment_type": "",
            "preferred_app_group_type": "Desktop",
            "resource_group_name": "Windows10RG",
            "start_vm_on_connect": false,
            "tags": null,
            "timeouts": null,
            "type": "Pooled",
            "validate_environment": false
          },
          "sensitive_attributes": [],
          "private": "eyJlMmJmYjczMC1lY2FhLTExZTYtOGY4OC0zNDM2M2JjN2M0YzAiOnsiY3JlYXRlIjozNjAwMDAwMDAwMDAwLCJkZWxldGUiOjM2MDAwMDAwMDAwMDAsInJlYWQiOjMwMDAwMDAwMDAwMCwidXBkYXRlIjozNjAwMDAwMDAwMDAwfSwic2NoZW1hX3ZlcnNpb24iOiIxIn0=",
          "dependencies": [
            "azurerm_resource_group.resource_group"
          ]
        }
      ]
    }
  ]
}
