{
  "version": 4,
  "terraform_version": "1.2.5",
  "serial": 91,
  "lineage": "c557123b-e808-f5ca-a2d9-49d8ba8619ab",
  "outputs": {},
  "resources": [
    {
      "mode": "managed",
      "type": "azurerm_linux_virtual_machine",
      "name": "WebServer",
      "provider": "provider[\"registry.terraform.io/hashicorp/azurerm\"]",
      "instances": [
        {
          "schema_version": 0,
          "attributes": {
            "additional_capabilities": [],
            "admin_password": null,
            "admin_ssh_key": [
              {
                "public_key": "ssh-rsa AAAAB3NzaC1yc2EAAAADAQABAAABgQCWGTYcx2wj2OKTFQqKvDkF+9vU+4ZmHQ80svaS/BmNXmCsGyrMUZEWq/5BZhp9tQ5mf+wq0DVodj7NWhFXURJA6GtZxoGf0cJEgWgbt+6zTVhq3oMfSRsTlWuc00btllTPnpWdTSMokfi3EcwWn6eaqRzpcE76eFEHeF22Mz6OcU3WGBGKhz6SLrLx8eFqaTkHowOgCQ563pY7neG7KhiU/ige8sKwdJoWZEALipUvm8O5jPslSNrY2xSXgZIWhllBzSGyGy7KpZArl4Wt1LuWPolexIEUDm0b64pRlLIc4QUpSA/C+Vc7wMRMjcaNC2dYL2TgjXy3jDqkyIEHmdVRQ7j3f2OwK+YMQG42Lm6IX2pVJg/eYszvVLLIhtqA16HbKozey2t/tLEYPiF8fHn1FRJHGhQJes6L/chYVX/gvxwgWOzgoyqoIwjCxrHjBsevGJo787z53vWhDq/1USJ3Csh64FCw3BFbHFab/3X8pfiKY0y9h2CzkKfYTSF8gh0= christophercoussa@christophersmbp.lan\n",
                "username": "adminuser"
              }
            ],
            "admin_username": "adminuser",
            "allow_extension_operations": true,
            "availability_set_id": "",
            "boot_diagnostics": [],
            "capacity_reservation_group_id": "",
            "computer_name": "WebServer",
            "custom_data": null,
            "dedicated_host_group_id": "",
            "dedicated_host_id": "",
            "disable_password_authentication": true,
            "edge_zone": "",
            "encryption_at_host_enabled": false,
            "eviction_policy": "",
            "extensions_time_budget": "PT1H30M",
            "id": "/subscriptions/87f45dd5-1646-4593-bc5d-46925ead1572/resourceGroups/Win10RG-resources/providers/Microsoft.Compute/virtualMachines/WebServer",
            "identity": [],
            "license_type": "",
            "location": "eastus",
            "max_bid_price": -1,
            "name": "WebServer",
            "network_interface_ids": [
              "/subscriptions/87f45dd5-1646-4593-bc5d-46925ead1572/resourceGroups/Win10RG-resources/providers/Microsoft.Network/networkInterfaces/vnet-nic"
            ],
            "os_disk": [
              {
                "caching": "ReadWrite",
                "diff_disk_settings": [],
                "disk_encryption_set_id": "",
                "disk_size_gb": 30,
                "name": "WebServer_OsDisk_1_8b6e490fc5f74e51822c8bf045aafec3",
                "secure_vm_disk_encryption_set_id": "",
                "security_encryption_type": "",
                "storage_account_type": "Standard_LRS",
                "write_accelerator_enabled": false
              }
            ],
            "patch_mode": "ImageDefault",
            "plan": [],
            "platform_fault_domain": -1,
            "priority": "Regular",
            "private_ip_address": "10.0.1.4",
            "private_ip_addresses": [
              "10.0.1.4"
            ],
            "provision_vm_agent": true,
            "proximity_placement_group_id": "",
            "public_ip_address": "",
            "public_ip_addresses": [],
            "resource_group_name": "Win10RG-resources",
            "secret": [],
            "secure_boot_enabled": false,
            "size": "Standard_D2s_v3",
            "source_image_id": "",
            "source_image_reference": [
              {
                "offer": "UbuntuServer",
                "publisher": "Canonical",
                "sku": "16.04-LTS",
                "version": "Latest"
              }
            ],
            "tags": null,
            "termination_notification": null,
            "timeouts": null,
            "user_data": "",
            "virtual_machine_id": "6a4cebac-e7fd-4da7-960b-c4511f8c4656",
            "virtual_machine_scale_set_id": "",
            "vtpm_enabled": false,
            "zone": ""
          },
          "sensitive_attributes": [],
          "private": "eyJlMmJmYjczMC1lY2FhLTExZTYtOGY4OC0zNDM2M2JjN2M0YzAiOnsiY3JlYXRlIjoyNzAwMDAwMDAwMDAwLCJkZWxldGUiOjI3MDAwMDAwMDAwMDAsInJlYWQiOjMwMDAwMDAwMDAwMCwidXBkYXRlIjoyNzAwMDAwMDAwMDAwfX0=",
          "dependencies": [
            "azurerm_network_interface.vnet-interface",
            "azurerm_resource_group.resource_group"
          ]
        }
      ]
    },
    {
      "mode": "managed",
      "type": "azurerm_network_interface",
      "name": "vnet-interface",
      "provider": "provider[\"registry.terraform.io/hashicorp/azurerm\"]",
      "instances": [
        {
          "schema_version": 0,
          "attributes": {
            "applied_dns_servers": [],
            "dns_servers": [],
            "edge_zone": "",
            "enable_accelerated_networking": false,
            "enable_ip_forwarding": false,
            "id": "/subscriptions/87f45dd5-1646-4593-bc5d-46925ead1572/resourceGroups/Win10RG-resources/providers/Microsoft.Network/networkInterfaces/vnet-nic",
            "internal_dns_name_label": "",
            "internal_domain_name_suffix": "",
            "ip_configuration": [
              {
                "gateway_load_balancer_frontend_ip_configuration_id": "",
                "name": "internal",
                "primary": true,
                "private_ip_address": "10.0.1.4",
                "private_ip_address_allocation": "Dynamic",
                "private_ip_address_version": "IPv4",
                "public_ip_address_id": "",
                "subnet_id": "/subscriptions/87f45dd5-1646-4593-bc5d-46925ead1572/resourceGroups/Win10RG-resources/providers/Microsoft.Network/virtualNetworks/Win10RG-network/subnets/Win10RG-subnet"
              }
            ],
            "location": "eastus",
            "mac_address": "00-0D-3A-1C-07-57",
            "name": "vnet-nic",
            "private_ip_address": "10.0.1.4",
            "private_ip_addresses": [
              "10.0.1.4"
            ],
            "resource_group_name": "Win10RG-resources",
            "tags": {},
            "timeouts": null,
            "virtual_machine_id": ""
          },
          "sensitive_attributes": [],
          "private": "eyJlMmJmYjczMC1lY2FhLTExZTYtOGY4OC0zNDM2M2JjN2M0YzAiOnsiY3JlYXRlIjoxODAwMDAwMDAwMDAwLCJkZWxldGUiOjE4MDAwMDAwMDAwMDAsInJlYWQiOjMwMDAwMDAwMDAwMCwidXBkYXRlIjoxODAwMDAwMDAwMDAwfX0=",
          "dependencies": [
            "azurerm_resource_group.resource_group",
            "azurerm_subnet.subnet1",
            "azurerm_virtual_network.vnet"
          ]
        }
      ]
    },
    {
      "mode": "managed",
      "type": "azurerm_network_security_group",
      "name": "security_group",
      "provider": "provider[\"registry.terraform.io/hashicorp/azurerm\"]",
      "instances": [
        {
          "schema_version": 0,
          "attributes": {
            "id": "/subscriptions/87f45dd5-1646-4593-bc5d-46925ead1572/resourceGroups/Win10RG-resources/providers/Microsoft.Network/networkSecurityGroups/Win10RG-security-group",
            "location": "eastus",
            "name": "Win10RG-security-group",
            "resource_group_name": "Win10RG-resources",
            "security_rule": [],
            "tags": {},
            "timeouts": null
          },
          "sensitive_attributes": [],
          "private": "eyJlMmJmYjczMC1lY2FhLTExZTYtOGY4OC0zNDM2M2JjN2M0YzAiOnsiY3JlYXRlIjoxODAwMDAwMDAwMDAwLCJkZWxldGUiOjE4MDAwMDAwMDAwMDAsInJlYWQiOjMwMDAwMDAwMDAwMCwidXBkYXRlIjoxODAwMDAwMDAwMDAwfX0=",
          "dependencies": [
            "azurerm_resource_group.resource_group"
          ]
        }
      ]
    },
    {
      "mode": "managed",
      "type": "azurerm_resource_group",
      "name": "resource_group",
      "provider": "provider[\"registry.terraform.io/hashicorp/azurerm\"]",
      "instances": [
        {
          "schema_version": 0,
          "attributes": {
            "id": "/subscriptions/87f45dd5-1646-4593-bc5d-46925ead1572/resourceGroups/Win10RG-resources",
            "location": "eastus",
            "name": "Win10RG-resources",
            "tags": {},
            "timeouts": null
          },
          "sensitive_attributes": [],
          "private": "eyJlMmJmYjczMC1lY2FhLTExZTYtOGY4OC0zNDM2M2JjN2M0YzAiOnsiY3JlYXRlIjo1NDAwMDAwMDAwMDAwLCJkZWxldGUiOjU0MDAwMDAwMDAwMDAsInJlYWQiOjMwMDAwMDAwMDAwMCwidXBkYXRlIjo1NDAwMDAwMDAwMDAwfX0="
        }
      ]
    },
    {
      "mode": "managed",
      "type": "azurerm_subnet",
      "name": "subnet1",
      "provider": "provider[\"registry.terraform.io/hashicorp/azurerm\"]",
      "instances": [
        {
          "schema_version": 0,
          "attributes": {
            "address_prefixes": [
              "10.0.1.0/24"
            ],
            "delegation": [],
            "enforce_private_link_endpoint_network_policies": false,
            "enforce_private_link_service_network_policies": false,
            "id": "/subscriptions/87f45dd5-1646-4593-bc5d-46925ead1572/resourceGroups/Win10RG-resources/providers/Microsoft.Network/virtualNetworks/Win10RG-network/subnets/Win10RG-subnet",
            "name": "Win10RG-subnet",
            "resource_group_name": "Win10RG-resources",
            "service_endpoint_policy_ids": [],
            "service_endpoints": [],
            "timeouts": null,
            "virtual_network_name": "Win10RG-network"
          },
          "sensitive_attributes": [],
          "private": "eyJlMmJmYjczMC1lY2FhLTExZTYtOGY4OC0zNDM2M2JjN2M0YzAiOnsiY3JlYXRlIjoxODAwMDAwMDAwMDAwLCJkZWxldGUiOjE4MDAwMDAwMDAwMDAsInJlYWQiOjMwMDAwMDAwMDAwMCwidXBkYXRlIjoxODAwMDAwMDAwMDAwfX0=",
          "dependencies": [
            "azurerm_resource_group.resource_group",
            "azurerm_virtual_network.vnet"
          ]
        }
      ]
    },
    {
      "mode": "managed",
      "type": "azurerm_virtual_desktop_application_group",
      "name": "remoteapp",
      "provider": "provider[\"registry.terraform.io/hashicorp/azurerm\"]",
      "instances": [
        {
          "schema_version": 1,
          "attributes": {
            "default_desktop_display_name": "",
            "description": "",
            "friendly_name": "",
            "host_pool_id": "/subscriptions/87f45dd5-1646-4593-bc5d-46925ead1572/resourceGroups/Win10RG-resources/providers/Microsoft.DesktopVirtualization/hostPools/pool 1",
            "id": "/subscriptions/87f45dd5-1646-4593-bc5d-46925ead1572/resourceGroups/Win10RG-resources/providers/Microsoft.DesktopVirtualization/applicationGroups/remoteapp",
            "location": "eastus",
            "name": "remoteapp",
            "resource_group_name": "Win10RG-resources",
            "tags": {},
            "timeouts": null,
            "type": "RemoteApp"
          },
          "sensitive_attributes": [],
          "private": "eyJlMmJmYjczMC1lY2FhLTExZTYtOGY4OC0zNDM2M2JjN2M0YzAiOnsiY3JlYXRlIjozNjAwMDAwMDAwMDAwLCJkZWxldGUiOjM2MDAwMDAwMDAwMDAsInJlYWQiOjMwMDAwMDAwMDAwMCwidXBkYXRlIjozNjAwMDAwMDAwMDAwfSwic2NoZW1hX3ZlcnNpb24iOiIxIn0=",
          "dependencies": [
            "azurerm_resource_group.resource_group",
            "azurerm_virtual_desktop_host_pool.host_pool1"
          ]
        }
      ]
    },
    {
      "mode": "managed",
      "type": "azurerm_virtual_desktop_host_pool",
      "name": "host_pool1",
      "provider": "provider[\"registry.terraform.io/hashicorp/azurerm\"]",
      "instances": [
        {
          "schema_version": 1,
          "attributes": {
            "custom_rdp_properties": "audiocapturemode:i:1;audiomode:i:0;",
            "description": "Acceptance Test: A pooled host pool - pooleddepthfirst",
            "friendly_name": "pool 1",
            "id": "/subscriptions/87f45dd5-1646-4593-bc5d-46925ead1572/resourceGroups/Win10RG-resources/providers/Microsoft.DesktopVirtualization/hostPools/pool 1",
            "load_balancer_type": "DepthFirst",
            "location": "eastus",
            "maximum_sessions_allowed": 5,
            "name": "pool 1",
            "personal_desktop_assignment_type": "",
            "preferred_app_group_type": "Desktop",
            "resource_group_name": "Win10RG-resources",
            "start_vm_on_connect": true,
            "tags": {},
            "timeouts": null,
            "type": "Pooled",
            "validate_environment": true
          },
          "sensitive_attributes": [],
          "private": "eyJlMmJmYjczMC1lY2FhLTExZTYtOGY4OC0zNDM2M2JjN2M0YzAiOnsiY3JlYXRlIjozNjAwMDAwMDAwMDAwLCJkZWxldGUiOjM2MDAwMDAwMDAwMDAsInJlYWQiOjMwMDAwMDAwMDAwMCwidXBkYXRlIjozNjAwMDAwMDAwMDAwfSwic2NoZW1hX3ZlcnNpb24iOiIxIn0=",
          "dependencies": [
            "azurerm_resource_group.resource_group"
          ]
        }
      ]
    },
    {
      "mode": "managed",
      "type": "azurerm_virtual_desktop_workspace",
      "name": "workspace",
      "provider": "provider[\"registry.terraform.io/hashicorp/azurerm\"]",
      "instances": [
        {
          "schema_version": 1,
          "attributes": {
            "description": "Windows 10 virtaul desktop environment",
            "friendly_name": "ws1",
            "id": "/subscriptions/87f45dd5-1646-4593-bc5d-46925ead1572/resourceGroups/Win10RG-resources/providers/Microsoft.DesktopVirtualization/workspaces/workspace",
            "location": "eastus",
            "name": "workspace",
            "resource_group_name": "Win10RG-resources",
            "tags": {},
            "timeouts": null
          },
          "sensitive_attributes": [],
          "private": "eyJlMmJmYjczMC1lY2FhLTExZTYtOGY4OC0zNDM2M2JjN2M0YzAiOnsiY3JlYXRlIjozNjAwMDAwMDAwMDAwLCJkZWxldGUiOjM2MDAwMDAwMDAwMDAsInJlYWQiOjMwMDAwMDAwMDAwMCwidXBkYXRlIjozNjAwMDAwMDAwMDAwfSwic2NoZW1hX3ZlcnNpb24iOiIxIn0=",
          "dependencies": [
            "azurerm_resource_group.resource_group"
          ]
        }
      ]
    },
    {
      "mode": "managed",
      "type": "azurerm_virtual_desktop_workspace_application_group_association",
      "name": "workspaceremoteapp",
      "provider": "provider[\"registry.terraform.io/hashicorp/azurerm\"]",
      "instances": [
        {
          "schema_version": 1,
          "attributes": {
            "application_group_id": "/subscriptions/87f45dd5-1646-4593-bc5d-46925ead1572/resourceGroups/Win10RG-resources/providers/Microsoft.DesktopVirtualization/applicationGroups/remoteapp",
            "id": "/subscriptions/87f45dd5-1646-4593-bc5d-46925ead1572/resourceGroups/Win10RG-resources/providers/Microsoft.DesktopVirtualization/workspaces/workspace|/subscriptions/87f45dd5-1646-4593-bc5d-46925ead1572/resourceGroups/Win10RG-resources/providers/Microsoft.DesktopVirtualization/applicationGroups/remoteapp",
            "timeouts": null,
            "workspace_id": "/subscriptions/87f45dd5-1646-4593-bc5d-46925ead1572/resourceGroups/Win10RG-resources/providers/Microsoft.DesktopVirtualization/workspaces/workspace"
          },
          "sensitive_attributes": [],
          "private": "eyJlMmJmYjczMC1lY2FhLTExZTYtOGY4OC0zNDM2M2JjN2M0YzAiOnsiY3JlYXRlIjozNjAwMDAwMDAwMDAwLCJkZWxldGUiOjM2MDAwMDAwMDAwMDAsInJlYWQiOjMwMDAwMDAwMDAwMCwidXBkYXRlIjozNjAwMDAwMDAwMDAwfSwic2NoZW1hX3ZlcnNpb24iOiIxIn0=",
          "dependencies": [
            "azurerm_resource_group.resource_group",
            "azurerm_virtual_desktop_application_group.remoteapp",
            "azurerm_virtual_desktop_host_pool.host_pool1",
            "azurerm_virtual_desktop_workspace.workspace"
          ]
        }
      ]
    },
    {
      "mode": "managed",
      "type": "azurerm_virtual_network",
      "name": "vnet",
      "provider": "provider[\"registry.terraform.io/hashicorp/azurerm\"]",
      "instances": [
        {
          "schema_version": 0,
          "attributes": {
            "address_space": [
              "10.0.0.0/16"
            ],
            "bgp_community": "",
            "ddos_protection_plan": [],
            "dns_servers": [],
            "edge_zone": "",
            "flow_timeout_in_minutes": 0,
            "guid": "be153118-846a-470e-955d-df441cea8071",
            "id": "/subscriptions/87f45dd5-1646-4593-bc5d-46925ead1572/resourceGroups/Win10RG-resources/providers/Microsoft.Network/virtualNetworks/Win10RG-network",
            "location": "eastus",
            "name": "Win10RG-network",
            "resource_group_name": "Win10RG-resources",
            "subnet": [
              {
                "address_prefix": "10.0.1.0/24",
                "id": "/subscriptions/87f45dd5-1646-4593-bc5d-46925ead1572/resourceGroups/Win10RG-resources/providers/Microsoft.Network/virtualNetworks/Win10RG-network/subnets/Win10RG-subnet",
                "name": "Win10RG-subnet",
                "security_group": ""
              }
            ],
            "tags": {},
            "timeouts": null
          },
          "sensitive_attributes": [],
          "private": "eyJlMmJmYjczMC1lY2FhLTExZTYtOGY4OC0zNDM2M2JjN2M0YzAiOnsiY3JlYXRlIjoxODAwMDAwMDAwMDAwLCJkZWxldGUiOjE4MDAwMDAwMDAwMDAsInJlYWQiOjMwMDAwMDAwMDAwMCwidXBkYXRlIjoxODAwMDAwMDAwMDAwfX0=",
          "dependencies": [
            "azurerm_resource_group.resource_group"
          ]
        }
      ]
    }
  ]
}
